
Microsoft Visual Studio Solution File, Format Version 12.00
# Visual Studio 15
VisualStudioVersion = 15.0.26124.0
MinimumVisualStudioVersion = 15.0.26124.0
Project("{FAE04EC0-301F-11D3-BF4B-00C04F79EFBC}") = "WorkstationLogger", "WorkstationLogger\WorkstationLogger.csproj", "{B4023476-8093-4D41-87C8-7A156633E501}"
EndProject
Project("{FAE04EC0-301F-11D3-BF4B-00C04F79EFBC}") = "WorkstationLogger.Tests", "WorkstationLogger.Tests\WorkstationLogger.Tests.csproj", "{54F3B176-A5FD-483C-88E6-FB1C5B9BCC47}"
EndProject
Global
	GlobalSection(SolutionConfigurationPlatforms) = preSolution
		Debug|Any CPU = Debug|Any CPU
		Debug|x64 = Debug|x64
		Debug|x86 = Debug|x86
		Release|Any CPU = Release|Any CPU
		Release|x64 = Release|x64
		Release|x86 = Release|x86
	EndGlobalSection
	GlobalSection(SolutionProperties) = preSolution
		HideSolutionNode = FALSE
	EndGlobalSection
	GlobalSection(ProjectConfigurationPlatforms) = postSolution
		{B4023476-8093-4D41-87C8-7A156633E501}.Debug|Any CPU.ActiveCfg = Debug|Any CPU
		{B4023476-8093-4D41-87C8-7A156633E501}.Debug|Any CPU.Build.0 = Debug|Any CPU
		{B4023476-8093-4D41-87C8-7A156633E501}.Debug|x64.ActiveCfg = Debug|Any CPU
		{B4023476-8093-4D41-87C8-7A156633E501}.Debug|x64.Build.0 = Debug|Any CPU
		{B4023476-8093-4D41-87C8-7A156633E501}.Debug|x86.ActiveCfg = Debug|Any CPU
		{B4023476-8093-4D41-87C8-7A156633E501}.Debug|x86.Build.0 = Debug|Any CPU
		{B4023476-8093-4D41-87C8-7A156633E501}.Release|Any CPU.ActiveCfg = Release|Any CPU
		{B4023476-8093-4D41-87C8-7A156633E501}.Release|Any CPU.Build.0 = Release|Any CPU
		{B4023476-8093-4D41-87C8-7A156633E501}.Release|x64.ActiveCfg = Release|Any CPU
		{B4023476-8093-4D41-87C8-7A156633E501}.Release|x64.Build.0 = Release|Any CPU
		{B4023476-8093-4D41-87C8-7A156633E501}.Release|x86.ActiveCfg = Release|Any CPU
		{B4023476-8093-4D41-87C8-7A156633E501}.Release|x86.Build.0 = Release|Any CPU
		{54F3B176-A5FD-483C-88E6-FB1C5B9BCC47}.Debug|Any CPU.ActiveCfg = Debug|Any CPU
		{54F3B176-A5FD-483C-88E6-FB1C5B9BCC47}.Debug|Any CPU.Build.0 = Debug|Any CPU
		{54F3B176-A5FD-483C-88E6-FB1C5B9BCC47}.Debug|x64.ActiveCfg = Debug|Any CPU
		{54F3B176-A5FD-483C-88E6-FB1C5B9BCC47}.Debug|x64.Build.0 = Debug|Any CPU
		{54F3B176-A5FD-483C-88E6-FB1C5B9BCC47}.Debug|x86.ActiveCfg = Debug|Any CPU
		{54F3B176-A5FD-483C-88E6-FB1C5B9BCC47}.Debug|x86.Build.0 = Debug|Any CPU
		{54F3B176-A5FD-483C-88E6-FB1C5B9BCC47}.Release|Any CPU.ActiveCfg = Release|Any CPU
		{54F3B176-A5FD-483C-88E6-FB1C5B9BCC47}.Release|Any CPU.Build.0 = Release|Any CPU
		{54F3B176-A5FD-483C-88E6-FB1C5B9BCC47}.Release|x64.ActiveCfg = Release|Any CPU
		{54F3B176-A5FD-483C-88E6-FB1C5B9BCC47}.Release|x64.Build.0 = Release|Any CPU
		{54F3B176-A5FD-483C-88E6-FB1C5B9BCC47}.Release|x86.ActiveCfg = Release|Any CPU
		{54F3B176-A5FD-483C-88E6-FB1C5B9BCC47}.Release|x86.Build.0 = Release|Any CPU
	EndGlobalSection
EndGlobal
